
Microsoft Visual Studio Solution File, Format Version 12.00
# Visual Studio 15
VisualStudioVersion = 15.0.28307.572
MinimumVisualStudioVersion = 10.0.40219.1
Project("{FAE04EC0-301F-11D3-BF4B-00C04F79EFBC}") = "Postage", "Postage\Postage.csproj", "{FBB31A8D-36DF-460B-9F8B-EA0942AF5A51}"
EndProject
Project("{FAE04EC0-301F-11D3-BF4B-00C04F79EFBC}") = "Postage.Tests", "Postage.Tests\Postage.Tests.csproj", "{167AE557-53D9-44B0-A339-407CD345A44C}"
EndProject
Global
	GlobalSection(SolutionConfigurationPlatforms) = preSolution
		Debug|Any CPU = Debug|Any CPU
		Release|Any CPU = Release|Any CPU
	EndGlobalSection
	GlobalSection(ProjectConfigurationPlatforms) = postSolution
		{FBB31A8D-36DF-460B-9F8B-EA0942AF5A51}.Debug|Any CPU.ActiveCfg = Debug|Any CPU
		{FBB31A8D-36DF-460B-9F8B-EA0942AF5A51}.Debug|Any CPU.Build.0 = Debug|Any CPU
		{FBB31A8D-36DF-460B-9F8B-EA0942AF5A51}.Release|Any CPU.ActiveCfg = Release|Any CPU
		{FBB31A8D-36DF-460B-9F8B-EA0942AF5A51}.Release|Any CPU.Build.0 = Release|Any CPU
		{167AE557-53D9-44B0-A339-407CD345A44C}.Debug|Any CPU.ActiveCfg = Debug|Any CPU
		{167AE557-53D9-44B0-A339-407CD345A44C}.Debug|Any CPU.Build.0 = Debug|Any CPU
		{167AE557-53D9-44B0-A339-407CD345A44C}.Release|Any CPU.ActiveCfg = Release|Any CPU
		{167AE557-53D9-44B0-A339-407CD345A44C}.Release|Any CPU.Build.0 = Release|Any CPU
	EndGlobalSection
	GlobalSection(SolutionProperties) = preSolution
		HideSolutionNode = FALSE
	EndGlobalSection
	GlobalSection(ExtensibilityGlobals) = postSolution
		SolutionGuid = {DE01571A-6B68-40FE-B691-70C0039157F7}
	EndGlobalSection
EndGlobal
